// !$*UTF8*$!
{
	archiveVersion = 1;
	classes = {
	};
	objectVersion = 50;
	objects = {

/* Begin PBXBuildFile section */
		05CE7136229F7E8500E2BA12 /* AppDelegate.swift in Sources */ = {isa = PBXBuildFile; fileRef = 05CE7135229F7E8500E2BA12 /* AppDelegate.swift */; };
		05CE713B229F7E8500E2BA12 /* Main.storyboard in Resources */ = {isa = PBXBuildFile; fileRef = 05CE7139229F7E8500E2BA12 /* Main.storyboard */; };
		05CE713D229F7E8600E2BA12 /* Assets.xcassets in Resources */ = {isa = PBXBuildFile; fileRef = 05CE713C229F7E8600E2BA12 /* Assets.xcassets */; };
		05CE7140229F7E8600E2BA12 /* LaunchScreen.storyboard in Resources */ = {isa = PBXBuildFile; fileRef = 05CE713E229F7E8600E2BA12 /* LaunchScreen.storyboard */; };
		05CE7148229F7EBA00E2BA12 /* HomeViewController.swift in Sources */ = {isa = PBXBuildFile; fileRef = 05CE7147229F7EBA00E2BA12 /* HomeViewController.swift */; };
		05CE714A229F82F100E2BA12 /* SectionCollectionViewCell.swift in Sources */ = {isa = PBXBuildFile; fileRef = 05CE7149229F82F100E2BA12 /* SectionCollectionViewCell.swift */; };
		05CE714C229F836700E2BA12 /* Data.swift in Sources */ = {isa = PBXBuildFile; fileRef = 05CE714B229F836700E2BA12 /* Data.swift */; };
		05CE714E229F85E600E2BA12 /* Section.storyboard in Resources */ = {isa = PBXBuildFile; fileRef = 05CE714D229F85E600E2BA12 /* Section.storyboard */; };
		05CE7150229F877700E2BA12 /* SectionViewController.swift in Sources */ = {isa = PBXBuildFile; fileRef = 05CE714F229F877700E2BA12 /* SectionViewController.swift */; };
		05CE7153229F8CAE00E2BA12 /* PresentSectionViewController.swift in Sources */ = {isa = PBXBuildFile; fileRef = 05CE7152229F8CAE00E2BA12 /* PresentSectionViewController.swift */; };
/* End PBXBuildFile section */

/* Begin PBXFileReference section */
		05CE7132229F7E8500E2BA12 /* CustomTransition.app */ = {isa = PBXFileReference; explicitFileType = wrapper.application; includeInIndex = 0; path = CustomTransition.app; sourceTree = BUILT_PRODUCTS_DIR; };
		05CE7135229F7E8500E2BA12 /* AppDelegate.swift */ = {isa = PBXFileReference; lastKnownFileType = sourcecode.swift; path = AppDelegate.swift; sourceTree = "<group>"; };
		05CE713A229F7E8500E2BA12 /* Base */ = {isa = PBXFileReference; lastKnownFileType = file.storyboard; name = Base; path = Base.lproj/Main.storyboard; sourceTree = "<group>"; };
		05CE713C229F7E8600E2BA12 /* Assets.xcassets */ = {isa = PBXFileReference; lastKnownFileType = folder.assetcatalog; path = Assets.xcassets; sourceTree = "<group>"; };
		05CE713F229F7E8600E2BA12 /* Base */ = {isa = PBXFileReference; lastKnownFileType = file.storyboard; name = Base; path = Base.lproj/LaunchScreen.storyboard; sourceTree = "<group>"; };
		05CE7141229F7E8600E2BA12 /* Info.plist */ = {isa = PBXFileReference; lastKnownFileType = text.plist.xml; path = Info.plist; sourceTree = "<group>"; };
		05CE7147229F7EBA00E2BA12 /* HomeViewController.swift */ = {isa = PBXFileReference; lastKnownFileType = sourcecode.swift; path = HomeViewController.swift; sourceTree = "<group>"; };
		05CE7149229F82F100E2BA12 /* SectionCollectionViewCell.swift */ = {isa = PBXFileReference; lastKnownFileType = sourcecode.swift; path = SectionCollectionViewCell.swift; sourceTree = "<group>"; };
		05CE714B229F836700E2BA12 /* Data.swift */ = {isa = PBXFileReference; lastKnownFileType = sourcecode.swift; path = Data.swift; sourceTree = "<group>"; };
		05CE714D229F85E600E2BA12 /* Section.storyboard */ = {isa = PBXFileReference; lastKnownFileType = file.storyboard; path = Section.storyboard; sourceTree = "<group>"; };
		05CE714F229F877700E2BA12 /* SectionViewController.swift */ = {isa = PBXFileReference; lastKnownFileType = sourcecode.swift; path = SectionViewController.swift; sourceTree = "<group>"; };
		05CE7152229F8CAE00E2BA12 /* PresentSectionViewController.swift */ = {isa = PBXFileReference; lastKnownFileType = sourcecode.swift; path = PresentSectionViewController.swift; sourceTree = "<group>"; };
/* End PBXFileReference section */

/* Begin PBXFrameworksBuildPhase section */
		05CE712F229F7E8500E2BA12 /* Frameworks */ = {
			isa = PBXFrameworksBuildPhase;
			buildActionMask = 2147483647;
			files = (
			);
			runOnlyForDeploymentPostprocessing = 0;
		};
/* End PBXFrameworksBuildPhase section */

/* Begin PBXGroup section */
		05CE7129229F7E8500E2BA12 = {
			isa = PBXGroup;
			children = (
				05CE7134229F7E8500E2BA12 /* CustomTransition */,
				05CE7133229F7E8500E2BA12 /* Products */,
			);
			sourceTree = "<group>";
		};
		05CE7133229F7E8500E2BA12 /* Products */ = {
			isa = PBXGroup;
			children = (
				05CE7132229F7E8500E2BA12 /* CustomTransition.app */,
			);
			name = Products;
			sourceTree = "<group>";
		};
		05CE7134229F7E8500E2BA12 /* CustomTransition */ = {
			isa = PBXGroup;
			children = (
				05CE7135229F7E8500E2BA12 /* AppDelegate.swift */,
				05CE7147229F7EBA00E2BA12 /* HomeViewController.swift */,
				05CE7151229F87B500E2BA12 /* Section */,
				05CE714B229F836700E2BA12 /* Data.swift */,
				05CE7139229F7E8500E2BA12 /* Main.storyboard */,
				05CE713C229F7E8600E2BA12 /* Assets.xcassets */,
				05CE713E229F7E8600E2BA12 /* LaunchScreen.storyboard */,
				05CE7141229F7E8600E2BA12 /* Info.plist */,
			);
			path = CustomTransition;
			sourceTree = "<group>";
		};
		05CE7151229F87B500E2BA12 /* Section */ = {
			isa = PBXGroup;
			children = (
				05CE7149229F82F100E2BA12 /* SectionCollectionViewCell.swift */,
				05CE714D229F85E600E2BA12 /* Section.storyboard */,
				05CE714F229F877700E2BA12 /* SectionViewController.swift */,
				05CE7152229F8CAE00E2BA12 /* PresentSectionViewController.swift */,
			);
			path = Section;
			sourceTree = "<group>";
		};
/* End PBXGroup section */

/* Begin PBXNativeTarget section */
		05CE7131229F7E8500E2BA12 /* CustomTransition */ = {
			isa = PBXNativeTarget;
			buildConfigurationList = 05CE7144229F7E8600E2BA12 /* Build configuration list for PBXNativeTarget "CustomTransition" */;
			buildPhases = (
				05CE712E229F7E8500E2BA12 /* Sources */,
				05CE712F229F7E8500E2BA12 /* Frameworks */,
				05CE7130229F7E8500E2BA12 /* Resources */,
			);
			buildRules = (
			);
			dependencies = (
			);
			name = CustomTransition;
			productName = CustomTransition;
			productReference = 05CE7132229F7E8500E2BA12 /* CustomTransition.app */;
			productType = "com.apple.product-type.application";
		};
/* End PBXNativeTarget section */

/* Begin PBXProject section */
		05CE712A229F7E8500E2BA12 /* Project object */ = {
			isa = PBXProject;
			attributes = {
				LastSwiftUpdateCheck = 1020;
				LastUpgradeCheck = 1020;
				ORGANIZATIONNAME = "Seesaa Inc.";
				TargetAttributes = {
					05CE7131229F7E8500E2BA12 = {
						CreatedOnToolsVersion = 10.2.1;
					};
				};
			};
			buildConfigurationList = 05CE712D229F7E8500E2BA12 /* Build configuration list for PBXProject "CustomTransition" */;
			compatibilityVersion = "Xcode 9.3";
			developmentRegion = en;
			hasScannedForEncodings = 0;
			knownRegions = (
				en,
				Base,
			);
			mainGroup = 05CE7129229F7E8500E2BA12;
			productRefGroup = 05CE7133229F7E8500E2BA12 /* Products */;
			projectDirPath = "";
			projectRoot = "";
			targets = (
				05CE7131229F7E8500E2BA12 /* CustomTransition */,
			);
		};
/* End PBXProject section */

/* Begin PBXResourcesBuildPhase section */
		05CE7130229F7E8500E2BA12 /* Resources */ = {
			isa = PBXResourcesBuildPhase;
			buildActionMask = 2147483647;
			files = (
				05CE7140229F7E8600E2BA12 /* LaunchScreen.storyboard in Resources */,
				05CE713D229F7E8600E2BA12 /* Assets.xcassets in Resources */,
				05CE714E229F85E600E2BA12 /* Section.storyboard in Resources */,
				05CE713B229F7E8500E2BA12 /* Main.storyboard in Resources */,
			);
			runOnlyForDeploymentPostprocessing = 0;
		};
/* End PBXResourcesBuildPhase section */

/* Begin PBXSourcesBuildPhase section */
		05CE712E229F7E8500E2BA12 /* Sources */ = {
			isa = PBXSourcesBuildPhase;
			buildActionMask = 2147483647;
			files = (
				05CE7136229F7E8500E2BA12 /* AppDelegate.swift in Sources */,
				05CE7150229F877700E2BA12 /* SectionViewController.swift in Sources */,
				05CE7153229F8CAE00E2BA12 /* PresentSectionViewController.swift in Sources */,
				05CE714A229F82F100E2BA12 /* SectionCollectionViewCell.swift in Sources */,
				05CE7148229F7EBA00E2BA12 /* HomeViewController.swift in Sources */,
				05CE714C229F836700E2BA12 /* Data.swift in Sources */,
			);
			runOnlyForDeploymentPostprocessing = 0;
		};
/* End PBXSourcesBuildPhase section */

/* Begin PBXVariantGroup section */
		05CE7139229F7E8500E2BA12 /* Main.storyboard */ = {
			isa = PBXVariantGroup;
			children = (
				05CE713A229F7E8500E2BA12 /* Base */,
			);
			name = Main.storyboard;
			sourceTree = "<group>";
		};
		05CE713E229F7E8600E2BA12 /* LaunchScreen.storyboard */ = {
			isa = PBXVariantGroup;
			children = (
				05CE713F229F7E8600E2BA12 /* Base */,
			);
			name = LaunchScreen.storyboard;
			sourceTree = "<group>";
		};
/* End PBXVariantGroup section */

/* Begin XCBuildConfiguration section */
		05CE7142229F7E8600E2BA12 /* Debug */ = {
			isa = XCBuildConfiguration;
			buildSettings = {
				ALWAYS_SEARCH_USER_PATHS = NO;
				CLANG_ANALYZER_NONNULL = YES;
				CLANG_ANALYZER_NUMBER_OBJECT_CONVERSION = YES_AGGRESSIVE;
				CLANG_CXX_LANGUAGE_STANDARD = "gnu++14";
				CLANG_CXX_LIBRARY = "libc++";
				CLANG_ENABLE_MODULES = YES;
				CLANG_ENABLE_OBJC_ARC = YES;
				CLANG_ENABLE_OBJC_WEAK = YES;
				CLANG_WARN_BLOCK_CAPTURE_AUTORELEASING = YES;
				CLANG_WARN_BOOL_CONVERSION = YES;
				CLANG_WARN_COMMA = YES;
				CLANG_WARN_CONSTANT_CONVERSION = YES;
				CLANG_WARN_DEPRECATED_OBJC_IMPLEMENTATIONS = YES;
				CLANG_WARN_DIRECT_OBJC_ISA_USAGE = YES_ERROR;
				CLANG_WARN_DOCUMENTATION_COMMENTS = YES;
				CLANG_WARN_EMPTY_BODY = YES;
				CLANG_WARN_ENUM_CONVERSION = YES;
				CLANG_WARN_INFINITE_RECURSION = YES;
				CLANG_WARN_INT_CONVERSION = YES;
				CLANG_WARN_NON_LITERAL_NULL_CONVERSION = YES;
				CLANG_WARN_OBJC_IMPLICIT_RETAIN_SELF = YES;
				CLANG_WARN_OBJC_LITERAL_CONVERSION = YES;
				CLANG_WARN_OBJC_ROOT_CLASS = YES_ERROR;
				CLANG_WARN_RANGE_LOOP_ANALYSIS = YES;
				CLANG_WARN_STRICT_PROTOTYPES = YES;
				CLANG_WARN_SUSPICIOUS_MOVE = YES;
				CLANG_WARN_UNGUARDED_AVAILABILITY = YES_AGGRESSIVE;
				CLANG_WARN_UNREACHABLE_CODE = YES;
				CLANG_WARN__DUPLICATE_METHOD_MATCH = YES;
				CODE_SIGN_IDENTITY = "iPhone Developer";
				COPY_PHASE_STRIP = NO;
				DEBUG_INFORMATION_FORMAT = dwarf;
				ENABLE_STRICT_OBJC_MSGSEND = YES;
				ENABLE_TESTABILITY = YES;
				GCC_C_LANGUAGE_STANDARD = gnu11;
				GCC_DYNAMIC_NO_PIC = NO;
				GCC_NO_COMMON_BLOCKS = YES;
				GCC_OPTIMIZATION_LEVEL = 0;
				GCC_PREPROCESSOR_DEFINITIONS = (
					"DEBUG=1",
					"$(inherited)",
				);
				GCC_WARN_64_TO_32_BIT_CONVERSION = YES;
				GCC_WARN_ABOUT_RETURN_TYPE = YES_ERROR;
				GCC_WARN_UNDECLARED_SELECTOR = YES;
				GCC_WARN_UNINITIALIZED_AUTOS = YES_AGGRESSIVE;
				GCC_WARN_UNUSED_FUNCTION = YES;
				GCC_WARN_UNUSED_VARIABLE = YES;
				IPHONEOS_DEPLOYMENT_TARGET = 12.2;
				MTL_ENABLE_DEBUG_INFO = INCLUDE_SOURCE;
				MTL_FAST_MATH = YES;
				ONLY_ACTIVE_ARCH = YES;
				SDKROOT = iphoneos;
				SWIFT_ACTIVE_COMPILATION_CONDITIONS = DEBUG;
				SWIFT_OPTIMIZATION_LEVEL = "-Onone";
			};
			name = Debug;
		};
		05CE7143229F7E8600E2BA12 /* Release */ = {
			isa = XCBuildConfiguration;
			buildSettings = {
				ALWAYS_SEARCH_USER_PATHS = NO;
				CLANG_ANALYZER_NONNULL = YES;
				CLANG_ANALYZER_NUMBER_OBJECT_CONVERSION = YES_AGGRESSIVE;
				CLANG_CXX_LANGUAGE_STANDARD = "gnu++14";
				CLANG_CXX_LIBRARY = "libc++";
				CLANG_ENABLE_MODULES = YES;
				CLANG_ENABLE_OBJC_ARC = YES;
				CLANG_ENABLE_OBJC_WEAK = YES;
				CLANG_WARN_BLOCK_CAPTURE_AUTORELEASING = YES;
				CLANG_WARN_BOOL_CONVERSION = YES;
				CLANG_WARN_COMMA = YES;
				CLANG_WARN_CONSTANT_CONVERSION = YES;
				CLANG_WARN_DEPRECATED_OBJC_IMPLEMENTATIONS = YES;
				CLANG_WARN_DIRECT_OBJC_ISA_USAGE = YES_ERROR;
				CLANG_WARN_DOCUMENTATION_COMMENTS = YES;
				CLANG_WARN_EMPTY_BODY = YES;
				CLANG_WARN_ENUM_CONVERSION = YES;
				CLANG_WARN_INFINITE_RECURSION = YES;
				CLANG_WARN_INT_CONVERSION = YES;
				CLANG_WARN_NON_LITERAL_NULL_CONVERSION = YES;
				CLANG_WARN_OBJC_IMPLICIT_RETAIN_SELF = YES;
				CLANG_WARN_OBJC_LITERAL_CONVERSION = YES;
				CLANG_WARN_OBJC_ROOT_CLASS = YES_ERROR;
				CLANG_WARN_RANGE_LOOP_ANALYSIS = YES;
				CLANG_WARN_STRICT_PROTOTYPES = YES;
				CLANG_WARN_SUSPICIOUS_MOVE = YES;
				CLANG_WARN_UNGUARDED_AVAILABILITY = YES_AGGRESSIVE;
				CLANG_WARN_UNREACHABLE_CODE = YES;
				CLANG_WARN__DUPLICATE_METHOD_MATCH = YES;
				CODE_SIGN_IDENTITY = "iPhone Developer";
				COPY_PHASE_STRIP = NO;
				DEBUG_INFORMATION_FORMAT = "dwarf-with-dsym";
				ENABLE_NS_ASSERTIONS = NO;
				ENABLE_STRICT_OBJC_MSGSEND = YES;
				GCC_C_LANGUAGE_STANDARD = gnu11;
				GCC_NO_COMMON_BLOCKS = YES;
				GCC_WARN_64_TO_32_BIT_CONVERSION = YES;
				GCC_WARN_ABOUT_RETURN_TYPE = YES_ERROR;
				GCC_WARN_UNDECLARED_SELECTOR = YES;
				GCC_WARN_UNINITIALIZED_AUTOS = YES_AGGRESSIVE;
				GCC_WARN_UNUSED_FUNCTION = YES;
				GCC_WARN_UNUSED_VARIABLE = YES;
				IPHONEOS_DEPLOYMENT_TARGET = 12.2;
				MTL_ENABLE_DEBUG_INFO = NO;
				MTL_FAST_MATH = YES;
				SDKROOT = iphoneos;
				SWIFT_COMPILATION_MODE = wholemodule;
				SWIFT_OPTIMIZATION_LEVEL = "-O";
				VALIDATE_PRODUCT = YES;
			};
			name = Release;
		};
		05CE7145229F7E8600E2BA12 /* Debug */ = {
			isa = XCBuildConfiguration;
			buildSettings = {
				ASSETCATALOG_COMPILER_APPICON_NAME = AppIcon;
				CODE_SIGN_STYLE = Automatic;
				DEVELOPMENT_TEAM = 56VZ273JS9;
				INFOPLIST_FILE = CustomTransition/Info.plist;
				LD_RUNPATH_SEARCH_PATHS = (
					"$(inherited)",
					"@executable_path/Frameworks",
				);
				PRODUCT_BUNDLE_IDENTIFIER = jp.co.seesaa.CustomTransition;
				PRODUCT_NAME = "$(TARGET_NAME)";
				SWIFT_VERSION = 5.0;
				TARGETED_DEVICE_FAMILY = 1;
			};
			name = Debug;
		};
		05CE7146229F7E8600E2BA12 /* Release */ = {
			isa = XCBuildConfiguration;
			buildSettings = {
				ASSETCATALOG_COMPILER_APPICON_NAME = AppIcon;
				CODE_SIGN_STYLE = Automatic;
				DEVELOPMENT_TEAM = 56VZ273JS9;
				INFOPLIST_FILE = CustomTransition/Info.plist;
				LD_RUNPATH_SEARCH_PATHS = (
					"$(inherited)",
					"@executable_path/Frameworks",
				);
				PRODUCT_BUNDLE_IDENTIFIER = jp.co.seesaa.CustomTransition;
				PRODUCT_NAME = "$(TARGET_NAME)";
				SWIFT_VERSION = 5.0;
				TARGETED_DEVICE_FAMILY = 1;
			};
			name = Release;
		};
/* End XCBuildConfiguration section */

/* Begin XCConfigurationList section */
		05CE712D229F7E8500E2BA12 /* Build configuration list for PBXProject "CustomTransition" */ = {
			isa = XCConfigurationList;
			buildConfigurations = (
				05CE7142229F7E8600E2BA12 /* Debug */,
				05CE7143229F7E8600E2BA12 /* Release */,
			);
			defaultConfigurationIsVisible = 0;
			defaultConfigurationName = Release;
		};
		05CE7144229F7E8600E2BA12 /* Build configuration list for PBXNativeTarget "CustomTransition" */ = {
			isa = XCConfigurationList;
			buildConfigurations = (
				05CE7145229F7E8600E2BA12 /* Debug */,
				05CE7146229F7E8600E2BA12 /* Release */,
			);
			defaultConfigurationIsVisible = 0;
			defaultConfigurationName = Release;
		};
/* End XCConfigurationList section */
	};
	rootObject = 05CE712A229F7E8500E2BA12 /* Project object */;
}
